{
  "name": "Farmer_app",
  "lockfileVersion": 3,
  "requires": true,
  "packages": {
    "": {
      "dependencies": {
        "platform-browser": "^0.0.1-security"
      }
    },
    "node_modules/platform-browser": {
      "version": "0.0.1-security",
      "resolved": "https://registry.npmjs.org/platform-browser/-/platform-browser-0.0.1-security.tgz",
      "integrity": "sha512-Mbeb3wBAjXEGXDc3Y7YNQkXS4k/powQ7gLllS96b3fcR6ylXwfVGFNXImtQsvYsQZGxJxtRQiEUggUkoDHECbQ=="
    }
  }
}
